{
  "name": "matriks-aljabar",
  "version": "1.0.0",
  "lockfileVersion": 1,
  "requires": true,
  "dependencies": {
    "durand-kerner": {
      "version": "1.0.0",
      "resolved": "https://registry.npmjs.org/durand-kerner/-/durand-kerner-1.0.0.tgz",
      "integrity": "sha1-EA0JlUuB6VgWdqbO8siRi/yXQ1E=",
      "requires": {
        "next-pow-2": "^1.0.0"
      }
    },
    "emlapack": {
      "version": "0.0.3",
      "resolved": "https://registry.npmjs.org/emlapack/-/emlapack-0.0.3.tgz",
      "integrity": "sha1-1hDvQD+Kg4Ig0jSEtz7UgopHbJw="
    },
    "matrix-eig": {
      "version": "1.0.0",
      "resolved": "https://registry.npmjs.org/matrix-eig/-/matrix-eig-1.0.0.tgz",
      "integrity": "sha512-k2sXiiILOwsU9Vrh+x2CcEX8JC8VyHp2R0HlqPiFnFGwTNxWncqaxIEh3W60Vf6fQk5OlJ1EKwBTEhaIxa4n+A==",
      "requires": {
        "durand-kerner": "^1.0.0",
        "emlapack": "0.0.3"
      }
    },
    "next-pow-2": {
      "version": "1.0.0",
      "resolved": "https://registry.npmjs.org/next-pow-2/-/next-pow-2-1.0.0.tgz",
      "integrity": "sha1-y1wvHa4EDFbN1c2h3FxqOjOPQ2c="
    },
    "numeric": {
      "version": "1.2.6",
      "resolved": "https://registry.npmjs.org/numeric/-/numeric-1.2.6.tgz",
      "integrity": "sha1-dlsCvvl5iPz4gNTrPza4D6MTNao="
    }
  }
}
